
Microsoft Visual Studio Solution File, Format Version 12.00
# Visual Studio Version 17
VisualStudioVersion = 17.14.36203.30 d17.14
MinimumVisualStudioVersion = 10.0.40219.1
Project("{FAE04EC0-301F-11D3-BF4B-00C04F79EFBC}") = "FerramentasUteis", "Ferramentasuteis\FerramentasUteis.csproj", "{AAA804F4-4572-4534-9363-5673C1CBEBBC}"
EndProject
Global
	GlobalSection(SolutionConfigurationPlatforms) = preSolution
		Debug|Any CPU = Debug|Any CPU
		Release|Any CPU = Release|Any CPU
	EndGlobalSection
	GlobalSection(ProjectConfigurationPlatforms) = postSolution
		{AAA804F4-4572-4534-9363-5673C1CBEBBC}.Debug|Any CPU.ActiveCfg = Debug|Any CPU
		{AAA804F4-4572-4534-9363-5673C1CBEBBC}.Debug|Any CPU.Build.0 = Debug|Any CPU
		{AAA804F4-4572-4534-9363-5673C1CBEBBC}.Release|Any CPU.ActiveCfg = Release|Any CPU
		{AAA804F4-4572-4534-9363-5673C1CBEBBC}.Release|Any CPU.Build.0 = Release|Any CPU
	EndGlobalSection
	GlobalSection(SolutionProperties) = preSolution
		HideSolutionNode = FALSE
	EndGlobalSection
	GlobalSection(ExtensibilityGlobals) = postSolution
		SolutionGuid = {91542F1A-DFE2-45B9-90CA-4A8FFD185478}
	EndGlobalSection
EndGlobal
